
Microsoft Visual Studio Solution File, Format Version 12.00
# Visual Studio 15
VisualStudioVersion = 15.0.27703.2026
MinimumVisualStudioVersion = 10.0.40219.1
Project("{9A19103F-16F7-4668-BE54-9A1E7A4F7556}") = "app", "src\app\app.csproj", "{782A5BCB-DD0A-46DB-B76C-FC739E8D8523}"
EndProject
Global
	GlobalSection(SolutionConfigurationPlatforms) = preSolution
		Debug|Any CPU = Debug|Any CPU
		Release|Any CPU = Release|Any CPU
	EndGlobalSection
	GlobalSection(ProjectConfigurationPlatforms) = postSolution
		{782A5BCB-DD0A-46DB-B76C-FC739E8D8523}.Debug|Any CPU.ActiveCfg = Debug|Any CPU
		{782A5BCB-DD0A-46DB-B76C-FC739E8D8523}.Debug|Any CPU.Build.0 = Debug|Any CPU
		{782A5BCB-DD0A-46DB-B76C-FC739E8D8523}.Release|Any CPU.ActiveCfg = Release|Any CPU
		{782A5BCB-DD0A-46DB-B76C-FC739E8D8523}.Release|Any CPU.Build.0 = Release|Any CPU
		{CEAE6DCC-BE1C-485F-8A72-07AF92CDD0DF}.Debug|Any CPU.ActiveCfg = Debug|Any CPU
		{CEAE6DCC-BE1C-485F-8A72-07AF92CDD0DF}.Debug|Any CPU.Build.0 = Debug|Any CPU
		{CEAE6DCC-BE1C-485F-8A72-07AF92CDD0DF}.Release|Any CPU.ActiveCfg = Release|Any CPU
		{CEAE6DCC-BE1C-485F-8A72-07AF92CDD0DF}.Release|Any CPU.Build.0 = Release|Any CPU
		{4F581AD7-A56E-41EC-813E-3D62E1B0C908}.Debug|Any CPU.ActiveCfg = Debug|Any CPU
		{4F581AD7-A56E-41EC-813E-3D62E1B0C908}.Debug|Any CPU.Build.0 = Debug|Any CPU
		{4F581AD7-A56E-41EC-813E-3D62E1B0C908}.Release|Any CPU.ActiveCfg = Release|Any CPU
		{4F581AD7-A56E-41EC-813E-3D62E1B0C908}.Release|Any CPU.Build.0 = Release|Any CPU
	EndGlobalSection
	GlobalSection(SolutionProperties) = preSolution
		HideSolutionNode = FALSE
	EndGlobalSection
	GlobalSection(ExtensibilityGlobals) = postSolution
		SolutionGuid = {6DAD875D-3058-4098-A260-C8255A0450E1}
	EndGlobalSection
EndGlobal
